
Microsoft Visual Studio Solution File, Format Version 12.00
# Visual Studio Version 16
VisualStudioVersion = 16.0.31005.135
MinimumVisualStudioVersion = 10.0.40219.1
Project("{FAE04EC0-301F-11D3-BF4B-00C04F79EFBC}") = "RabbitProducerCore", "RabbitProducerCore\RabbitProducerCore.csproj", "{5E55E45B-85D1-4FA0-807C-DABB3ADD1236}"
EndProject
Global
	GlobalSection(SolutionConfigurationPlatforms) = preSolution
		Debug|Any CPU = Debug|Any CPU
		Release|Any CPU = Release|Any CPU
	EndGlobalSection
	GlobalSection(ProjectConfigurationPlatforms) = postSolution
		{5E55E45B-85D1-4FA0-807C-DABB3ADD1236}.Debug|Any CPU.ActiveCfg = Debug|Any CPU
		{5E55E45B-85D1-4FA0-807C-DABB3ADD1236}.Debug|Any CPU.Build.0 = Debug|Any CPU
		{5E55E45B-85D1-4FA0-807C-DABB3ADD1236}.Release|Any CPU.ActiveCfg = Release|Any CPU
		{5E55E45B-85D1-4FA0-807C-DABB3ADD1236}.Release|Any CPU.Build.0 = Release|Any CPU
	EndGlobalSection
	GlobalSection(SolutionProperties) = preSolution
		HideSolutionNode = FALSE
	EndGlobalSection
	GlobalSection(ExtensibilityGlobals) = postSolution
		SolutionGuid = {E4EBA3AA-0C1E-4C8B-9BA8-06C429EB00B2}
	EndGlobalSection
EndGlobal
